
Microsoft Visual Studio Solution File, Format Version 12.00
# Visual Studio Version 17
VisualStudioVersion = 17.7.34031.279
MinimumVisualStudioVersion = 10.0.40219.1
Project("{E24C65DC-7377-472B-9ABA-BC803B73C61A}") = "BlinDesigners", ".", "{D695B938-57AC-4408-8D61-03836998BD64}"
	ProjectSection(WebsiteProperties) = preProject
		TargetFrameworkMoniker = ".NETFramework,Version%3Dv4.0"
		Debug.AspNetCompiler.VirtualPath = "/localhost_18384"
		Debug.AspNetCompiler.PhysicalPath = "..\BlinDesigners\"
		Debug.AspNetCompiler.TargetPath = "PrecompiledWeb\localhost_18384\"
		Debug.AspNetCompiler.Updateable = "true"
		Debug.AspNetCompiler.ForceOverwrite = "true"
		Debug.AspNetCompiler.FixedNames = "false"
		Debug.AspNetCompiler.Debug = "True"
		Release.AspNetCompiler.VirtualPath = "/localhost_18384"
		Release.AspNetCompiler.PhysicalPath = "..\BlinDesigners\"
		Release.AspNetCompiler.TargetPath = "PrecompiledWeb\localhost_18384\"
		Release.AspNetCompiler.Updateable = "true"
		Release.AspNetCompiler.ForceOverwrite = "true"
		Release.AspNetCompiler.FixedNames = "false"
		Release.AspNetCompiler.Debug = "False"
		VWDPort = "18384"
		SlnRelativePath = "..\BlinDesigners\"
	EndProjectSection
EndProject
Global
	GlobalSection(SolutionConfigurationPlatforms) = preSolution
		Debug|Any CPU = Debug|Any CPU
	EndGlobalSection
	GlobalSection(ProjectConfigurationPlatforms) = postSolution
		{D695B938-57AC-4408-8D61-03836998BD64}.Debug|Any CPU.ActiveCfg = Debug|Any CPU
		{D695B938-57AC-4408-8D61-03836998BD64}.Debug|Any CPU.Build.0 = Debug|Any CPU
	EndGlobalSection
	GlobalSection(SolutionProperties) = preSolution
		HideSolutionNode = FALSE
	EndGlobalSection
	GlobalSection(ExtensibilityGlobals) = postSolution
		SolutionGuid = {B70A6CD7-C073-4E33-8C19-51F941253C1D}
	EndGlobalSection
EndGlobal
